// !$*UTF8*$!
{
	archiveVersion = 1;
	classes = {
	};
	objectVersion = 56;
	objects = {

/* Begin PBXBuildFile section */
		2F0DB10E2B9DACBD0093CBA7 /* ContentView.swift in Sources */ = {isa = PBXBuildFile; fileRef = 2F0DB10D2B9DACBD0093CBA7 /* ContentView.swift */; };
		2F0DB1102B9DAEF10093CBA7 /* Constant.swift in Sources */ = {isa = PBXBuildFile; fileRef = 2F0DB10F2B9DAEF10093CBA7 /* Constant.swift */; };
		2F0DB1172B9DC5480093CBA7 /* ButtonView.swift in Sources */ = {isa = PBXBuildFile; fileRef = 2F0DB1162B9DC5480093CBA7 /* ButtonView.swift */; };
		2F0DB11E2BA0854F0093CBA7 /* PopoverButtonListView.swift in Sources */ = {isa = PBXBuildFile; fileRef = 2F0DB11D2BA0854F0093CBA7 /* PopoverButtonListView.swift */; };
		2F0DB1202BA088EE0093CBA7 /* Delegation.swift in Sources */ = {isa = PBXBuildFile; fileRef = 2F0DB11F2BA088EE0093CBA7 /* Delegation.swift */; };
		2F228CC82B99C52200077146 /* CommunicationTaskApp.swift in Sources */ = {isa = PBXBuildFile; fileRef = 2F228CC72B99C52200077146 /* CommunicationTaskApp.swift */; };
		2F228CCC2B99C52500077146 /* Assets.xcassets in Resources */ = {isa = PBXBuildFile; fileRef = 2F228CCB2B99C52500077146 /* Assets.xcassets */; };
		2F228CCF2B99C52500077146 /* Preview Assets.xcassets in Resources */ = {isa = PBXBuildFile; fileRef = 2F228CCE2B99C52500077146 /* Preview Assets.xcassets */; };
/* End PBXBuildFile section */

/* Begin PBXFileReference section */
		2F0DB10D2B9DACBD0093CBA7 /* ContentView.swift */ = {isa = PBXFileReference; lastKnownFileType = sourcecode.swift; path = ContentView.swift; sourceTree = "<group>"; };
		2F0DB10F2B9DAEF10093CBA7 /* Constant.swift */ = {isa = PBXFileReference; lastKnownFileType = sourcecode.swift; path = Constant.swift; sourceTree = "<group>"; };
		2F0DB1162B9DC5480093CBA7 /* ButtonView.swift */ = {isa = PBXFileReference; lastKnownFileType = sourcecode.swift; path = ButtonView.swift; sourceTree = "<group>"; };
		2F0DB11D2BA0854F0093CBA7 /* PopoverButtonListView.swift */ = {isa = PBXFileReference; lastKnownFileType = sourcecode.swift; path = PopoverButtonListView.swift; sourceTree = "<group>"; };
		2F0DB11F2BA088EE0093CBA7 /* Delegation.swift */ = {isa = PBXFileReference; lastKnownFileType = sourcecode.swift; path = Delegation.swift; sourceTree = "<group>"; };
		2F228CC42B99C52200077146 /* CommunicationTask.app */ = {isa = PBXFileReference; explicitFileType = wrapper.application; includeInIndex = 0; path = CommunicationTask.app; sourceTree = BUILT_PRODUCTS_DIR; };
		2F228CC72B99C52200077146 /* CommunicationTaskApp.swift */ = {isa = PBXFileReference; lastKnownFileType = sourcecode.swift; path = CommunicationTaskApp.swift; sourceTree = "<group>"; };
		2F228CCB2B99C52500077146 /* Assets.xcassets */ = {isa = PBXFileReference; lastKnownFileType = folder.assetcatalog; path = Assets.xcassets; sourceTree = "<group>"; };
		2F228CCE2B99C52500077146 /* Preview Assets.xcassets */ = {isa = PBXFileReference; lastKnownFileType = folder.assetcatalog; path = "Preview Assets.xcassets"; sourceTree = "<group>"; };
/* End PBXFileReference section */

/* Begin PBXFrameworksBuildPhase section */
		2F228CC12B99C52200077146 /* Frameworks */ = {
			isa = PBXFrameworksBuildPhase;
			buildActionMask = 2147483647;
			files = (
			);
			runOnlyForDeploymentPostprocessing = 0;
		};
/* End PBXFrameworksBuildPhase section */

/* Begin PBXGroup section */
		2F0DB10C2B9DACAE0093CBA7 /* Views */ = {
			isa = PBXGroup;
			children = (
				2F0DB10D2B9DACBD0093CBA7 /* ContentView.swift */,
				2F0DB11D2BA0854F0093CBA7 /* PopoverButtonListView.swift */,
				2F0DB1162B9DC5480093CBA7 /* ButtonView.swift */,
			);
			path = Views;
			sourceTree = "<group>";
		};
		2F0DB1112B9DB2080093CBA7 /* Constants */ = {
			isa = PBXGroup;
			children = (
				2F0DB10F2B9DAEF10093CBA7 /* Constant.swift */,
			);
			path = Constants;
			sourceTree = "<group>";
		};
		2F0DB11A2B9DE0FE0093CBA7 /* Protocols */ = {
			isa = PBXGroup;
			children = (
				2F0DB11F2BA088EE0093CBA7 /* Delegation.swift */,
			);
			path = Protocols;
			sourceTree = "<group>";
		};
		2F228CBB2B99C52200077146 = {
			isa = PBXGroup;
			children = (
				2F228CC62B99C52200077146 /* CommunicationTask */,
				2F228CC52B99C52200077146 /* Products */,
			);
			sourceTree = "<group>";
		};
		2F228CC52B99C52200077146 /* Products */ = {
			isa = PBXGroup;
			children = (
				2F228CC42B99C52200077146 /* CommunicationTask.app */,
			);
			name = Products;
			sourceTree = "<group>";
		};
		2F228CC62B99C52200077146 /* CommunicationTask */ = {
			isa = PBXGroup;
			children = (
				2F228CC72B99C52200077146 /* CommunicationTaskApp.swift */,
				2F0DB11A2B9DE0FE0093CBA7 /* Protocols */,
				2F0DB1112B9DB2080093CBA7 /* Constants */,
				2F0DB10C2B9DACAE0093CBA7 /* Views */,
				2F228CCB2B99C52500077146 /* Assets.xcassets */,
				2F228CCD2B99C52500077146 /* Preview Content */,
			);
			path = CommunicationTask;
			sourceTree = "<group>";
		};
		2F228CCD2B99C52500077146 /* Preview Content */ = {
			isa = PBXGroup;
			children = (
				2F228CCE2B99C52500077146 /* Preview Assets.xcassets */,
			);
			path = "Preview Content";
			sourceTree = "<group>";
		};
/* End PBXGroup section */

/* Begin PBXNativeTarget section */
		2F228CC32B99C52200077146 /* CommunicationTask */ = {
			isa = PBXNativeTarget;
			buildConfigurationList = 2F228CD22B99C52500077146 /* Build configuration list for PBXNativeTarget "CommunicationTask" */;
			buildPhases = (
				2F228CC02B99C52200077146 /* Sources */,
				2F228CC12B99C52200077146 /* Frameworks */,
				2F228CC22B99C52200077146 /* Resources */,
			);
			buildRules = (
			);
			dependencies = (
			);
			name = CommunicationTask;
			productName = CommunicationTask;
			productReference = 2F228CC42B99C52200077146 /* CommunicationTask.app */;
			productType = "com.apple.product-type.application";
		};
/* End PBXNativeTarget section */

/* Begin PBXProject section */
		2F228CBC2B99C52200077146 /* Project object */ = {
			isa = PBXProject;
			attributes = {
				BuildIndependentTargetsInParallel = 1;
				LastSwiftUpdateCheck = 1520;
				LastUpgradeCheck = 1520;
				TargetAttributes = {
					2F228CC32B99C52200077146 = {
						CreatedOnToolsVersion = 15.2;
					};
				};
			};
			buildConfigurationList = 2F228CBF2B99C52200077146 /* Build configuration list for PBXProject "CommunicationTask" */;
			compatibilityVersion = "Xcode 14.0";
			developmentRegion = en;
			hasScannedForEncodings = 0;
			knownRegions = (
				en,
				Base,
			);
			mainGroup = 2F228CBB2B99C52200077146;
			productRefGroup = 2F228CC52B99C52200077146 /* Products */;
			projectDirPath = "";
			projectRoot = "";
			targets = (
				2F228CC32B99C52200077146 /* CommunicationTask */,
			);
		};
/* End PBXProject section */

/* Begin PBXResourcesBuildPhase section */
		2F228CC22B99C52200077146 /* Resources */ = {
			isa = PBXResourcesBuildPhase;
			buildActionMask = 2147483647;
			files = (
				2F228CCF2B99C52500077146 /* Preview Assets.xcassets in Resources */,
				2F228CCC2B99C52500077146 /* Assets.xcassets in Resources */,
			);
			runOnlyForDeploymentPostprocessing = 0;
		};
/* End PBXResourcesBuildPhase section */

/* Begin PBXSourcesBuildPhase section */
		2F228CC02B99C52200077146 /* Sources */ = {
			isa = PBXSourcesBuildPhase;
			buildActionMask = 2147483647;
			files = (
				2F0DB1202BA088EE0093CBA7 /* Delegation.swift in Sources */,
				2F0DB11E2BA0854F0093CBA7 /* PopoverButtonListView.swift in Sources */,
				2F228CC82B99C52200077146 /* CommunicationTaskApp.swift in Sources */,
				2F0DB10E2B9DACBD0093CBA7 /* ContentView.swift in Sources */,
				2F0DB1172B9DC5480093CBA7 /* ButtonView.swift in Sources */,
				2F0DB1102B9DAEF10093CBA7 /* Constant.swift in Sources */,
			);
			runOnlyForDeploymentPostprocessing = 0;
		};
/* End PBXSourcesBuildPhase section */

/* Begin XCBuildConfiguration section */
		2F228CD02B99C52500077146 /* Debug */ = {
			isa = XCBuildConfiguration;
			buildSettings = {
				ALWAYS_SEARCH_USER_PATHS = NO;
				ASSETCATALOG_COMPILER_GENERATE_SWIFT_ASSET_SYMBOL_EXTENSIONS = YES;
				CLANG_ANALYZER_NONNULL = YES;
				CLANG_ANALYZER_NUMBER_OBJECT_CONVERSION = YES_AGGRESSIVE;
				CLANG_CXX_LANGUAGE_STANDARD = "gnu++20";
				CLANG_ENABLE_MODULES = YES;
				CLANG_ENABLE_OBJC_ARC = YES;
				CLANG_ENABLE_OBJC_WEAK = YES;
				CLANG_WARN_BLOCK_CAPTURE_AUTORELEASING = YES;
				CLANG_WARN_BOOL_CONVERSION = YES;
				CLANG_WARN_COMMA = YES;
				CLANG_WARN_CONSTANT_CONVERSION = YES;
				CLANG_WARN_DEPRECATED_OBJC_IMPLEMENTATIONS = YES;
				CLANG_WARN_DIRECT_OBJC_ISA_USAGE = YES_ERROR;
				CLANG_WARN_DOCUMENTATION_COMMENTS = YES;
				CLANG_WARN_EMPTY_BODY = YES;
				CLANG_WARN_ENUM_CONVERSION = YES;
				CLANG_WARN_INFINITE_RECURSION = YES;
				CLANG_WARN_INT_CONVERSION = YES;
				CLANG_WARN_NON_LITERAL_NULL_CONVERSION = YES;
				CLANG_WARN_OBJC_IMPLICIT_RETAIN_SELF = YES;
				CLANG_WARN_OBJC_LITERAL_CONVERSION = YES;
				CLANG_WARN_OBJC_ROOT_CLASS = YES_ERROR;
				CLANG_WARN_QUOTED_INCLUDE_IN_FRAMEWORK_HEADER = YES;
				CLANG_WARN_RANGE_LOOP_ANALYSIS = YES;
				CLANG_WARN_STRICT_PROTOTYPES = YES;
				CLANG_WARN_SUSPICIOUS_MOVE = YES;
				CLANG_WARN_UNGUARDED_AVAILABILITY = YES_AGGRESSIVE;
				CLANG_WARN_UNREACHABLE_CODE = YES;
				CLANG_WARN__DUPLICATE_METHOD_MATCH = YES;
				COPY_PHASE_STRIP = NO;
				DEBUG_INFORMATION_FORMAT = dwarf;
				ENABLE_STRICT_OBJC_MSGSEND = YES;
				ENABLE_TESTABILITY = YES;
				ENABLE_USER_SCRIPT_SANDBOXING = YES;
				GCC_C_LANGUAGE_STANDARD = gnu17;
				GCC_DYNAMIC_NO_PIC = NO;
				GCC_NO_COMMON_BLOCKS = YES;
				GCC_OPTIMIZATION_LEVEL = 0;
				GCC_PREPROCESSOR_DEFINITIONS = (
					"DEBUG=1",
					"$(inherited)",
				);
				GCC_WARN_64_TO_32_BIT_CONVERSION = YES;
				GCC_WARN_ABOUT_RETURN_TYPE = YES_ERROR;
				GCC_WARN_UNDECLARED_SELECTOR = YES;
				GCC_WARN_UNINITIALIZED_AUTOS = YES_AGGRESSIVE;
				GCC_WARN_UNUSED_FUNCTION = YES;
				GCC_WARN_UNUSED_VARIABLE = YES;
				IPHONEOS_DEPLOYMENT_TARGET = 17.2;
				LOCALIZATION_PREFERS_STRING_CATALOGS = YES;
				MTL_ENABLE_DEBUG_INFO = INCLUDE_SOURCE;
				MTL_FAST_MATH = YES;
				ONLY_ACTIVE_ARCH = YES;
				SDKROOT = iphoneos;
				SWIFT_ACTIVE_COMPILATION_CONDITIONS = "DEBUG $(inherited)";
				SWIFT_OPTIMIZATION_LEVEL = "-Onone";
			};
			name = Debug;
		};
		2F228CD12B99C52500077146 /* Release */ = {
			isa = XCBuildConfiguration;
			buildSettings = {
				ALWAYS_SEARCH_USER_PATHS = NO;
				ASSETCATALOG_COMPILER_GENERATE_SWIFT_ASSET_SYMBOL_EXTENSIONS = YES;
				CLANG_ANALYZER_NONNULL = YES;
				CLANG_ANALYZER_NUMBER_OBJECT_CONVERSION = YES_AGGRESSIVE;
				CLANG_CXX_LANGUAGE_STANDARD = "gnu++20";
				CLANG_ENABLE_MODULES = YES;
				CLANG_ENABLE_OBJC_ARC = YES;
				CLANG_ENABLE_OBJC_WEAK = YES;
				CLANG_WARN_BLOCK_CAPTURE_AUTORELEASING = YES;
				CLANG_WARN_BOOL_CONVERSION = YES;
				CLANG_WARN_COMMA = YES;
				CLANG_WARN_CONSTANT_CONVERSION = YES;
				CLANG_WARN_DEPRECATED_OBJC_IMPLEMENTATIONS = YES;
				CLANG_WARN_DIRECT_OBJC_ISA_USAGE = YES_ERROR;
				CLANG_WARN_DOCUMENTATION_COMMENTS = YES;
				CLANG_WARN_EMPTY_BODY = YES;
				CLANG_WARN_ENUM_CONVERSION = YES;
				CLANG_WARN_INFINITE_RECURSION = YES;
				CLANG_WARN_INT_CONVERSION = YES;
				CLANG_WARN_NON_LITERAL_NULL_CONVERSION = YES;
				CLANG_WARN_OBJC_IMPLICIT_RETAIN_SELF = YES;
				CLANG_WARN_OBJC_LITERAL_CONVERSION = YES;
				CLANG_WARN_OBJC_ROOT_CLASS = YES_ERROR;
				CLANG_WARN_QUOTED_INCLUDE_IN_FRAMEWORK_HEADER = YES;
				CLANG_WARN_RANGE_LOOP_ANALYSIS = YES;
				CLANG_WARN_STRICT_PROTOTYPES = YES;
				CLANG_WARN_SUSPICIOUS_MOVE = YES;
				CLANG_WARN_UNGUARDED_AVAILABILITY = YES_AGGRESSIVE;
				CLANG_WARN_UNREACHABLE_CODE = YES;
				CLANG_WARN__DUPLICATE_METHOD_MATCH = YES;
				COPY_PHASE_STRIP = NO;
				DEBUG_INFORMATION_FORMAT = "dwarf-with-dsym";
				ENABLE_NS_ASSERTIONS = NO;
				ENABLE_STRICT_OBJC_MSGSEND = YES;
				ENABLE_USER_SCRIPT_SANDBOXING = YES;
				GCC_C_LANGUAGE_STANDARD = gnu17;
				GCC_NO_COMMON_BLOCKS = YES;
				GCC_WARN_64_TO_32_BIT_CONVERSION = YES;
				GCC_WARN_ABOUT_RETURN_TYPE = YES_ERROR;
				GCC_WARN_UNDECLARED_SELECTOR = YES;
				GCC_WARN_UNINITIALIZED_AUTOS = YES_AGGRESSIVE;
				GCC_WARN_UNUSED_FUNCTION = YES;
				GCC_WARN_UNUSED_VARIABLE = YES;
				IPHONEOS_DEPLOYMENT_TARGET = 17.2;
				LOCALIZATION_PREFERS_STRING_CATALOGS = YES;
				MTL_ENABLE_DEBUG_INFO = NO;
				MTL_FAST_MATH = YES;
				SDKROOT = iphoneos;
				SWIFT_COMPILATION_MODE = wholemodule;
				VALIDATE_PRODUCT = YES;
			};
			name = Release;
		};
		2F228CD32B99C52500077146 /* Debug */ = {
			isa = XCBuildConfiguration;
			buildSettings = {
				ASSETCATALOG_COMPILER_APPICON_NAME = AppIcon;
				ASSETCATALOG_COMPILER_GLOBAL_ACCENT_COLOR_NAME = AccentColor;
				CODE_SIGN_STYLE = Automatic;
				CURRENT_PROJECT_VERSION = 1;
				DEVELOPMENT_ASSET_PATHS = "\"CommunicationTask/Preview Content\"";
				ENABLE_PREVIEWS = YES;
				GENERATE_INFOPLIST_FILE = YES;
				INFOPLIST_KEY_UIApplicationSceneManifest_Generation = YES;
				INFOPLIST_KEY_UIApplicationSupportsIndirectInputEvents = YES;
				INFOPLIST_KEY_UILaunchScreen_Generation = YES;
				INFOPLIST_KEY_UISupportedInterfaceOrientations_iPad = "UIInterfaceOrientationPortrait UIInterfaceOrientationPortraitUpsideDown UIInterfaceOrientationLandscapeLeft UIInterfaceOrientationLandscapeRight";
				INFOPLIST_KEY_UISupportedInterfaceOrientations_iPhone = "UIInterfaceOrientationPortrait UIInterfaceOrientationLandscapeLeft UIInterfaceOrientationLandscapeRight";
				LD_RUNPATH_SEARCH_PATHS = (
					"$(inherited)",
					"@executable_path/Frameworks",
				);
				MARKETING_VERSION = 1.0;
				PRODUCT_BUNDLE_IDENTIFIER = com.myorganization.CommunicationTask;
				PRODUCT_NAME = "$(TARGET_NAME)";
				SWIFT_EMIT_LOC_STRINGS = YES;
				SWIFT_VERSION = 5.0;
				TARGETED_DEVICE_FAMILY = "1,2";
			};
			name = Debug;
		};
		2F228CD42B99C52500077146 /* Release */ = {
			isa = XCBuildConfiguration;
			buildSettings = {
				ASSETCATALOG_COMPILER_APPICON_NAME = AppIcon;
				ASSETCATALOG_COMPILER_GLOBAL_ACCENT_COLOR_NAME = AccentColor;
				CODE_SIGN_STYLE = Automatic;
				CURRENT_PROJECT_VERSION = 1;
				DEVELOPMENT_ASSET_PATHS = "\"CommunicationTask/Preview Content\"";
				ENABLE_PREVIEWS = YES;
				GENERATE_INFOPLIST_FILE = YES;
				INFOPLIST_KEY_UIApplicationSceneManifest_Generation = YES;
				INFOPLIST_KEY_UIApplicationSupportsIndirectInputEvents = YES;
				INFOPLIST_KEY_UILaunchScreen_Generation = YES;
				INFOPLIST_KEY_UISupportedInterfaceOrientations_iPad = "UIInterfaceOrientationPortrait UIInterfaceOrientationPortraitUpsideDown UIInterfaceOrientationLandscapeLeft UIInterfaceOrientationLandscapeRight";
				INFOPLIST_KEY_UISupportedInterfaceOrientations_iPhone = "UIInterfaceOrientationPortrait UIInterfaceOrientationLandscapeLeft UIInterfaceOrientationLandscapeRight";
				LD_RUNPATH_SEARCH_PATHS = (
					"$(inherited)",
					"@executable_path/Frameworks",
				);
				MARKETING_VERSION = 1.0;
				PRODUCT_BUNDLE_IDENTIFIER = com.myorganization.CommunicationTask;
				PRODUCT_NAME = "$(TARGET_NAME)";
				SWIFT_EMIT_LOC_STRINGS = YES;
				SWIFT_VERSION = 5.0;
				TARGETED_DEVICE_FAMILY = "1,2";
			};
			name = Release;
		};
/* End XCBuildConfiguration section */

/* Begin XCConfigurationList section */
		2F228CBF2B99C52200077146 /* Build configuration list for PBXProject "CommunicationTask" */ = {
			isa = XCConfigurationList;
			buildConfigurations = (
				2F228CD02B99C52500077146 /* Debug */,
				2F228CD12B99C52500077146 /* Release */,
			);
			defaultConfigurationIsVisible = 0;
			defaultConfigurationName = Release;
		};
		2F228CD22B99C52500077146 /* Build configuration list for PBXNativeTarget "CommunicationTask" */ = {
			isa = XCConfigurationList;
			buildConfigurations = (
				2F228CD32B99C52500077146 /* Debug */,
				2F228CD42B99C52500077146 /* Release */,
			);
			defaultConfigurationIsVisible = 0;
			defaultConfigurationName = Release;
		};
/* End XCConfigurationList section */
	};
	rootObject = 2F228CBC2B99C52200077146 /* Project object */;
}
